
Microsoft Visual Studio Solution File, Format Version 12.00
# Visual Studio Version 16
VisualStudioVersion = 16.0.30204.135
MinimumVisualStudioVersion = 10.0.40219.1
Project("{FAE04EC0-301F-11D3-BF4B-00C04F79EFBC}") = "CalculatorApp", "CalculatorApp\CalculatorApp.csproj", "{39C21B35-282E-444E-B65D-9636DA781C76}"
EndProject
Global
	GlobalSection(SolutionConfigurationPlatforms) = preSolution
		Debug|Any CPU = Debug|Any CPU
		Release|Any CPU = Release|Any CPU
	EndGlobalSection
	GlobalSection(ProjectConfigurationPlatforms) = postSolution
		{39C21B35-282E-444E-B65D-9636DA781C76}.Debug|Any CPU.ActiveCfg = Debug|Any CPU
		{39C21B35-282E-444E-B65D-9636DA781C76}.Debug|Any CPU.Build.0 = Debug|Any CPU
		{39C21B35-282E-444E-B65D-9636DA781C76}.Release|Any CPU.ActiveCfg = Release|Any CPU
		{39C21B35-282E-444E-B65D-9636DA781C76}.Release|Any CPU.Build.0 = Release|Any CPU
	EndGlobalSection
	GlobalSection(SolutionProperties) = preSolution
		HideSolutionNode = FALSE
	EndGlobalSection
	GlobalSection(ExtensibilityGlobals) = postSolution
		SolutionGuid = {2E064C90-7973-4494-9A99-2D86387C986B}
	EndGlobalSection
EndGlobal
